
Microsoft Visual Studio Solution File, Format Version 12.00
# Visual Studio Version 16
VisualStudioVersion = 16.0.29519.161
MinimumVisualStudioVersion = 10.0.40219.1
Project("{FAE04EC0-301F-11D3-BF4B-00C04F79EFBC}") = "SyncFusionTestApp.UWP", "SyncFusionTestApp\SyncFusionTestApp.UWP\SyncFusionTestApp.UWP.csproj", "{939DC9F7-9550-4FFA-A259-4692B5A4E669}"
EndProject
Project("{FAE04EC0-301F-11D3-BF4B-00C04F79EFBC}") = "SyncFusionTestApp.Android", "SyncFusionTestApp\SyncFusionTestApp.Android\SyncFusionTestApp.Android.csproj", "{33CE193B-16B4-4047-8F86-851A097AB32E}"
EndProject
Project("{FAE04EC0-301F-11D3-BF4B-00C04F79EFBC}") = "SyncFusionTestApp.iOS", "SyncFusionTestApp\SyncFusionTestApp.iOS\SyncFusionTestApp.iOS.csproj", "{98288718-FCF6-4039-AE8F-7E07216DC11E}"
EndProject
Project("{FAE04EC0-301F-11D3-BF4B-00C04F79EFBC}") = "SyncFusionTestApp", "SyncFusionTestApp\SyncFusionTestApp\SyncFusionTestApp.csproj", "{3AD979DB-AAF0-4347-8808-CD1B9D484E01}"
EndProject
Global
	GlobalSection(SolutionConfigurationPlatforms) = preSolution
		Debug|Any CPU = Debug|Any CPU
		Debug|ARM = Debug|ARM
		Debug|iPhone = Debug|iPhone
		Debug|iPhoneSimulator = Debug|iPhoneSimulator
		Debug|x64 = Debug|x64
		Debug|x86 = Debug|x86
		Release|Any CPU = Release|Any CPU
		Release|ARM = Release|ARM
		Release|iPhone = Release|iPhone
		Release|iPhoneSimulator = Release|iPhoneSimulator
		Release|x64 = Release|x64
		Release|x86 = Release|x86
	EndGlobalSection
	GlobalSection(ProjectConfigurationPlatforms) = postSolution
		{939DC9F7-9550-4FFA-A259-4692B5A4E669}.Debug|Any CPU.ActiveCfg = Debug|x86
		{939DC9F7-9550-4FFA-A259-4692B5A4E669}.Debug|Any CPU.Build.0 = Debug|x86
		{939DC9F7-9550-4FFA-A259-4692B5A4E669}.Debug|Any CPU.Deploy.0 = Debug|x86
		{939DC9F7-9550-4FFA-A259-4692B5A4E669}.Debug|ARM.ActiveCfg = Debug|ARM
		{939DC9F7-9550-4FFA-A259-4692B5A4E669}.Debug|ARM.Build.0 = Debug|ARM
		{939DC9F7-9550-4FFA-A259-4692B5A4E669}.Debug|ARM.Deploy.0 = Debug|ARM
		{939DC9F7-9550-4FFA-A259-4692B5A4E669}.Debug|iPhone.ActiveCfg = Debug|x86
		{939DC9F7-9550-4FFA-A259-4692B5A4E669}.Debug|iPhone.Build.0 = Debug|x86
		{939DC9F7-9550-4FFA-A259-4692B5A4E669}.Debug|iPhone.Deploy.0 = Debug|x86
		{939DC9F7-9550-4FFA-A259-4692B5A4E669}.Debug|iPhoneSimulator.ActiveCfg = Debug|x86
		{939DC9F7-9550-4FFA-A259-4692B5A4E669}.Debug|iPhoneSimulator.Build.0 = Debug|x86
		{939DC9F7-9550-4FFA-A259-4692B5A4E669}.Debug|iPhoneSimulator.Deploy.0 = Debug|x86
		{939DC9F7-9550-4FFA-A259-4692B5A4E669}.Debug|x64.ActiveCfg = Debug|x64
		{939DC9F7-9550-4FFA-A259-4692B5A4E669}.Debug|x64.Build.0 = Debug|x64
		{939DC9F7-9550-4FFA-A259-4692B5A4E669}.Debug|x64.Deploy.0 = Debug|x64
		{939DC9F7-9550-4FFA-A259-4692B5A4E669}.Debug|x86.ActiveCfg = Debug|x86
		{939DC9F7-9550-4FFA-A259-4692B5A4E669}.Debug|x86.Build.0 = Debug|x86
		{939DC9F7-9550-4FFA-A259-4692B5A4E669}.Debug|x86.Deploy.0 = Debug|x86
		{939DC9F7-9550-4FFA-A259-4692B5A4E669}.Release|Any CPU.ActiveCfg = Release|x86
		{939DC9F7-9550-4FFA-A259-4692B5A4E669}.Release|Any CPU.Build.0 = Release|x86
		{939DC9F7-9550-4FFA-A259-4692B5A4E669}.Release|Any CPU.Deploy.0 = Release|x86
		{939DC9F7-9550-4FFA-A259-4692B5A4E669}.Release|ARM.ActiveCfg = Release|ARM
		{939DC9F7-9550-4FFA-A259-4692B5A4E669}.Release|ARM.Build.0 = Release|ARM
		{939DC9F7-9550-4FFA-A259-4692B5A4E669}.Release|ARM.Deploy.0 = Release|ARM
		{939DC9F7-9550-4FFA-A259-4692B5A4E669}.Release|iPhone.ActiveCfg = Release|x86
		{939DC9F7-9550-4FFA-A259-4692B5A4E669}.Release|iPhone.Build.0 = Release|x86
		{939DC9F7-9550-4FFA-A259-4692B5A4E669}.Release|iPhone.Deploy.0 = Release|x86
		{939DC9F7-9550-4FFA-A259-4692B5A4E669}.Release|iPhoneSimulator.ActiveCfg = Release|x86
		{939DC9F7-9550-4FFA-A259-4692B5A4E669}.Release|iPhoneSimulator.Build.0 = Release|x86
		{939DC9F7-9550-4FFA-A259-4692B5A4E669}.Release|iPhoneSimulator.Deploy.0 = Release|x86
		{939DC9F7-9550-4FFA-A259-4692B5A4E669}.Release|x64.ActiveCfg = Release|x64
		{939DC9F7-9550-4FFA-A259-4692B5A4E669}.Release|x64.Build.0 = Release|x64
		{939DC9F7-9550-4FFA-A259-4692B5A4E669}.Release|x64.Deploy.0 = Release|x64
		{939DC9F7-9550-4FFA-A259-4692B5A4E669}.Release|x86.ActiveCfg = Release|x86
		{939DC9F7-9550-4FFA-A259-4692B5A4E669}.Release|x86.Build.0 = Release|x86
		{939DC9F7-9550-4FFA-A259-4692B5A4E669}.Release|x86.Deploy.0 = Release|x86
		{33CE193B-16B4-4047-8F86-851A097AB32E}.Debug|Any CPU.ActiveCfg = Debug|Any CPU
		{33CE193B-16B4-4047-8F86-851A097AB32E}.Debug|Any CPU.Build.0 = Debug|Any CPU
		{33CE193B-16B4-4047-8F86-851A097AB32E}.Debug|Any CPU.Deploy.0 = Debug|Any CPU
		{33CE193B-16B4-4047-8F86-851A097AB32E}.Debug|ARM.ActiveCfg = Debug|Any CPU
		{33CE193B-16B4-4047-8F86-851A097AB32E}.Debug|ARM.Build.0 = Debug|Any CPU
		{33CE193B-16B4-4047-8F86-851A097AB32E}.Debug|ARM.Deploy.0 = Debug|Any CPU
		{33CE193B-16B4-4047-8F86-851A097AB32E}.Debug|iPhone.ActiveCfg = Debug|Any CPU
		{33CE193B-16B4-4047-8F86-851A097AB32E}.Debug|iPhone.Build.0 = Debug|Any CPU
		{33CE193B-16B4-4047-8F86-851A097AB32E}.Debug|iPhone.Deploy.0 = Debug|Any CPU
		{33CE193B-16B4-4047-8F86-851A097AB32E}.Debug|iPhoneSimulator.ActiveCfg = Debug|Any CPU
		{33CE193B-16B4-4047-8F86-851A097AB32E}.Debug|iPhoneSimulator.Build.0 = Debug|Any CPU
		{33CE193B-16B4-4047-8F86-851A097AB32E}.Debug|iPhoneSimulator.Deploy.0 = Debug|Any CPU
		{33CE193B-16B4-4047-8F86-851A097AB32E}.Debug|x64.ActiveCfg = Debug|Any CPU
		{33CE193B-16B4-4047-8F86-851A097AB32E}.Debug|x64.Build.0 = Debug|Any CPU
		{33CE193B-16B4-4047-8F86-851A097AB32E}.Debug|x64.Deploy.0 = Debug|Any CPU
		{33CE193B-16B4-4047-8F86-851A097AB32E}.Debug|x86.ActiveCfg = Debug|Any CPU
		{33CE193B-16B4-4047-8F86-851A097AB32E}.Debug|x86.Build.0 = Debug|Any CPU
		{33CE193B-16B4-4047-8F86-851A097AB32E}.Debug|x86.Deploy.0 = Debug|Any CPU
		{33CE193B-16B4-4047-8F86-851A097AB32E}.Release|Any CPU.ActiveCfg = Release|Any CPU
		{33CE193B-16B4-4047-8F86-851A097AB32E}.Release|Any CPU.Build.0 = Release|Any CPU
		{33CE193B-16B4-4047-8F86-851A097AB32E}.Release|Any CPU.Deploy.0 = Release|Any CPU
		{33CE193B-16B4-4047-8F86-851A097AB32E}.Release|ARM.ActiveCfg = Release|Any CPU
		{33CE193B-16B4-4047-8F86-851A097AB32E}.Release|ARM.Build.0 = Release|Any CPU
		{33CE193B-16B4-4047-8F86-851A097AB32E}.Release|ARM.Deploy.0 = Release|Any CPU
		{33CE193B-16B4-4047-8F86-851A097AB32E}.Release|iPhone.ActiveCfg = Release|Any CPU
		{33CE193B-16B4-4047-8F86-851A097AB32E}.Release|iPhone.Build.0 = Release|Any CPU
		{33CE193B-16B4-4047-8F86-851A097AB32E}.Release|iPhone.Deploy.0 = Release|Any CPU
		{33CE193B-16B4-4047-8F86-851A097AB32E}.Release|iPhoneSimulator.ActiveCfg = Release|Any CPU
		{33CE193B-16B4-4047-8F86-851A097AB32E}.Release|iPhoneSimulator.Build.0 = Release|Any CPU
		{33CE193B-16B4-4047-8F86-851A097AB32E}.Release|iPhoneSimulator.Deploy.0 = Release|Any CPU
		{33CE193B-16B4-4047-8F86-851A097AB32E}.Release|x64.ActiveCfg = Release|Any CPU
		{33CE193B-16B4-4047-8F86-851A097AB32E}.Release|x64.Build.0 = Release|Any CPU
		{33CE193B-16B4-4047-8F86-851A097AB32E}.Release|x64.Deploy.0 = Release|Any CPU
		{33CE193B-16B4-4047-8F86-851A097AB32E}.Release|x86.ActiveCfg = Release|Any CPU
		{33CE193B-16B4-4047-8F86-851A097AB32E}.Release|x86.Build.0 = Release|Any CPU
		{33CE193B-16B4-4047-8F86-851A097AB32E}.Release|x86.Deploy.0 = Release|Any CPU
		{98288718-FCF6-4039-AE8F-7E07216DC11E}.Debug|Any CPU.ActiveCfg = Debug|iPhone
		{98288718-FCF6-4039-AE8F-7E07216DC11E}.Debug|Any CPU.Build.0 = Debug|iPhone
		{98288718-FCF6-4039-AE8F-7E07216DC11E}.Debug|Any CPU.Deploy.0 = Debug|iPhone
		{98288718-FCF6-4039-AE8F-7E07216DC11E}.Debug|ARM.ActiveCfg = Debug|iPhoneSimulator
		{98288718-FCF6-4039-AE8F-7E07216DC11E}.Debug|ARM.Build.0 = Debug|iPhoneSimulator
		{98288718-FCF6-4039-AE8F-7E07216DC11E}.Debug|ARM.Deploy.0 = Debug|iPhoneSimulator
		{98288718-FCF6-4039-AE8F-7E07216DC11E}.Debug|iPhone.ActiveCfg = Debug|iPhone
		{98288718-FCF6-4039-AE8F-7E07216DC11E}.Debug|iPhone.Build.0 = Debug|iPhone
		{98288718-FCF6-4039-AE8F-7E07216DC11E}.Debug|iPhone.Deploy.0 = Debug|iPhone
		{98288718-FCF6-4039-AE8F-7E07216DC11E}.Debug|iPhoneSimulator.ActiveCfg = Debug|iPhoneSimulator
		{98288718-FCF6-4039-AE8F-7E07216DC11E}.Debug|iPhoneSimulator.Build.0 = Debug|iPhoneSimulator
		{98288718-FCF6-4039-AE8F-7E07216DC11E}.Debug|iPhoneSimulator.Deploy.0 = Debug|iPhoneSimulator
		{98288718-FCF6-4039-AE8F-7E07216DC11E}.Debug|x64.ActiveCfg = Debug|iPhone
		{98288718-FCF6-4039-AE8F-7E07216DC11E}.Debug|x64.Build.0 = Debug|iPhone
		{98288718-FCF6-4039-AE8F-7E07216DC11E}.Debug|x64.Deploy.0 = Debug|iPhone
		{98288718-FCF6-4039-AE8F-7E07216DC11E}.Debug|x86.ActiveCfg = Debug|iPhone
		{98288718-FCF6-4039-AE8F-7E07216DC11E}.Debug|x86.Build.0 = Debug|iPhone
		{98288718-FCF6-4039-AE8F-7E07216DC11E}.Debug|x86.Deploy.0 = Debug|iPhone
		{98288718-FCF6-4039-AE8F-7E07216DC11E}.Release|Any CPU.ActiveCfg = Release|iPhone
		{98288718-FCF6-4039-AE8F-7E07216DC11E}.Release|Any CPU.Build.0 = Release|iPhone
		{98288718-FCF6-4039-AE8F-7E07216DC11E}.Release|Any CPU.Deploy.0 = Release|iPhone
		{98288718-FCF6-4039-AE8F-7E07216DC11E}.Release|ARM.ActiveCfg = Release|iPhone
		{98288718-FCF6-4039-AE8F-7E07216DC11E}.Release|ARM.Build.0 = Release|iPhone
		{98288718-FCF6-4039-AE8F-7E07216DC11E}.Release|ARM.Deploy.0 = Release|iPhone
		{98288718-FCF6-4039-AE8F-7E07216DC11E}.Release|iPhone.ActiveCfg = Release|iPhone
		{98288718-FCF6-4039-AE8F-7E07216DC11E}.Release|iPhone.Build.0 = Release|iPhone
		{98288718-FCF6-4039-AE8F-7E07216DC11E}.Release|iPhone.Deploy.0 = Release|iPhone
		{98288718-FCF6-4039-AE8F-7E07216DC11E}.Release|iPhoneSimulator.ActiveCfg = Release|iPhoneSimulator
		{98288718-FCF6-4039-AE8F-7E07216DC11E}.Release|iPhoneSimulator.Build.0 = Release|iPhoneSimulator
		{98288718-FCF6-4039-AE8F-7E07216DC11E}.Release|iPhoneSimulator.Deploy.0 = Release|iPhoneSimulator
		{98288718-FCF6-4039-AE8F-7E07216DC11E}.Release|x64.ActiveCfg = Release|iPhone
		{98288718-FCF6-4039-AE8F-7E07216DC11E}.Release|x64.Build.0 = Release|iPhone
		{98288718-FCF6-4039-AE8F-7E07216DC11E}.Release|x64.Deploy.0 = Release|iPhone
		{98288718-FCF6-4039-AE8F-7E07216DC11E}.Release|x86.ActiveCfg = Release|iPhone
		{98288718-FCF6-4039-AE8F-7E07216DC11E}.Release|x86.Build.0 = Release|iPhone
		{98288718-FCF6-4039-AE8F-7E07216DC11E}.Release|x86.Deploy.0 = Release|iPhone
		{3AD979DB-AAF0-4347-8808-CD1B9D484E01}.Debug|Any CPU.ActiveCfg = Debug|Any CPU
		{3AD979DB-AAF0-4347-8808-CD1B9D484E01}.Debug|Any CPU.Build.0 = Debug|Any CPU
		{3AD979DB-AAF0-4347-8808-CD1B9D484E01}.Debug|Any CPU.Deploy.0 = Debug|Any CPU
		{3AD979DB-AAF0-4347-8808-CD1B9D484E01}.Debug|ARM.ActiveCfg = Debug|Any CPU
		{3AD979DB-AAF0-4347-8808-CD1B9D484E01}.Debug|ARM.Build.0 = Debug|Any CPU
		{3AD979DB-AAF0-4347-8808-CD1B9D484E01}.Debug|ARM.Deploy.0 = Debug|Any CPU
		{3AD979DB-AAF0-4347-8808-CD1B9D484E01}.Debug|iPhone.ActiveCfg = Debug|Any CPU
		{3AD979DB-AAF0-4347-8808-CD1B9D484E01}.Debug|iPhone.Build.0 = Debug|Any CPU
		{3AD979DB-AAF0-4347-8808-CD1B9D484E01}.Debug|iPhone.Deploy.0 = Debug|Any CPU
		{3AD979DB-AAF0-4347-8808-CD1B9D484E01}.Debug|iPhoneSimulator.ActiveCfg = Debug|Any CPU
		{3AD979DB-AAF0-4347-8808-CD1B9D484E01}.Debug|iPhoneSimulator.Build.0 = Debug|Any CPU
		{3AD979DB-AAF0-4347-8808-CD1B9D484E01}.Debug|iPhoneSimulator.Deploy.0 = Debug|Any CPU
		{3AD979DB-AAF0-4347-8808-CD1B9D484E01}.Debug|x64.ActiveCfg = Debug|Any CPU
		{3AD979DB-AAF0-4347-8808-CD1B9D484E01}.Debug|x64.Build.0 = Debug|Any CPU
		{3AD979DB-AAF0-4347-8808-CD1B9D484E01}.Debug|x64.Deploy.0 = Debug|Any CPU
		{3AD979DB-AAF0-4347-8808-CD1B9D484E01}.Debug|x86.ActiveCfg = Debug|Any CPU
		{3AD979DB-AAF0-4347-8808-CD1B9D484E01}.Debug|x86.Build.0 = Debug|Any CPU
		{3AD979DB-AAF0-4347-8808-CD1B9D484E01}.Debug|x86.Deploy.0 = Debug|Any CPU
		{3AD979DB-AAF0-4347-8808-CD1B9D484E01}.Release|Any CPU.ActiveCfg = Release|Any CPU
		{3AD979DB-AAF0-4347-8808-CD1B9D484E01}.Release|Any CPU.Build.0 = Release|Any CPU
		{3AD979DB-AAF0-4347-8808-CD1B9D484E01}.Release|Any CPU.Deploy.0 = Release|Any CPU
		{3AD979DB-AAF0-4347-8808-CD1B9D484E01}.Release|ARM.ActiveCfg = Release|Any CPU
		{3AD979DB-AAF0-4347-8808-CD1B9D484E01}.Release|ARM.Build.0 = Release|Any CPU
		{3AD979DB-AAF0-4347-8808-CD1B9D484E01}.Release|ARM.Deploy.0 = Release|Any CPU
		{3AD979DB-AAF0-4347-8808-CD1B9D484E01}.Release|iPhone.ActiveCfg = Release|Any CPU
		{3AD979DB-AAF0-4347-8808-CD1B9D484E01}.Release|iPhone.Build.0 = Release|Any CPU
		{3AD979DB-AAF0-4347-8808-CD1B9D484E01}.Release|iPhone.Deploy.0 = Release|Any CPU
		{3AD979DB-AAF0-4347-8808-CD1B9D484E01}.Release|iPhoneSimulator.ActiveCfg = Release|Any CPU
		{3AD979DB-AAF0-4347-8808-CD1B9D484E01}.Release|iPhoneSimulator.Build.0 = Release|Any CPU
		{3AD979DB-AAF0-4347-8808-CD1B9D484E01}.Release|iPhoneSimulator.Deploy.0 = Release|Any CPU
		{3AD979DB-AAF0-4347-8808-CD1B9D484E01}.Release|x64.ActiveCfg = Release|Any CPU
		{3AD979DB-AAF0-4347-8808-CD1B9D484E01}.Release|x64.Build.0 = Release|Any CPU
		{3AD979DB-AAF0-4347-8808-CD1B9D484E01}.Release|x64.Deploy.0 = Release|Any CPU
		{3AD979DB-AAF0-4347-8808-CD1B9D484E01}.Release|x86.ActiveCfg = Release|Any CPU
		{3AD979DB-AAF0-4347-8808-CD1B9D484E01}.Release|x86.Build.0 = Release|Any CPU
		{3AD979DB-AAF0-4347-8808-CD1B9D484E01}.Release|x86.Deploy.0 = Release|Any CPU
	EndGlobalSection
	GlobalSection(SolutionProperties) = preSolution
		HideSolutionNode = FALSE
	EndGlobalSection
	GlobalSection(ExtensibilityGlobals) = postSolution
		SolutionGuid = {9D2EE351-18C1-430E-8EEF-A29A9DA49E73}
	EndGlobalSection
EndGlobal
